PODS:
  - PromiseKit (6.7.1):
    - PromiseKit/CorePromise (= 6.7.1)
    - PromiseKit/Foundation (= 6.7.1)
    - PromiseKit/UIKit (= 6.7.1)
  - PromiseKit/CorePromise (6.7.1)
  - PromiseKit/Foundation (6.7.1):
    - PromiseKit/CorePromise
  - PromiseKit/UIKit (6.7.1):
    - PromiseKit/CorePromise
  - RxAtomic (4.4.0)
  - RxCocoa (4.4.0):
    - RxSwift (~> 4.0)
  - RxSwift (4.4.0):
    - RxAtomic (~> 4.4)
  - RxSwiftExt (3.4.0):
    - RxSwiftExt/Core (= 3.4.0)
    - RxSwiftExt/RxCocoa (= 3.4.0)
  - RxSwiftExt/Core (3.4.0):
    - RxSwift (~> 4.0)
  - RxSwiftExt/RxCocoa (3.4.0):
    - RxCocoa (~> 4.0)
    - RxSwiftExt/Core
  - Sluthware (1.0.31):
    - Sluthware/Default (= 1.0.31)
  - Sluthware/Default (1.0.31)
  - Sluthware/PromiseKit (1.0.31):
    - PromiseKit
    - Sluthware/Default
  - Sluthware/RxSwift (1.0.31):
    - RxCocoa
    - RxSwift
    - RxSwiftExt
    - Sluthware/Default

DEPENDENCIES:
  - Sluthware (from `../`)
  - Sluthware/PromiseKit (from `../`)
  - Sluthware/RxSwift (from `../`)

SPEC REPOS:
  https://github.com/cocoapods/specs.git:
    - PromiseKit
    - RxAtomic
    - RxCocoa
    - RxSwift
    - RxSwiftExt

EXTERNAL SOURCES:
  Sluthware:
    :path: "../"

SPEC CHECKSUMS:
  PromiseKit: ef376fb8b4e92edfeb66bd403b983eaa07fbde0c
  RxAtomic: eacf60db868c96bfd63320e28619fe29c179656f
  RxCocoa: df63ebf7b9a70d6b4eeea407ed5dd4efc8979749
  RxSwift: 5976ecd04fc2fefd648827c23de5e11157faa973
  RxSwiftExt: 01f8ecbeeb355698e9c75365ebe908b00dacf45d
  Sluthware: b24bfc82468ad4c5f0e6492b0748a283c00a8f3b

PODFILE CHECKSUM: a6afaf9fcadfd70527e5385debaafe0e984e6015

COCOAPODS: 1.6.0.rc.1
